{
  "version": "5",
  "specifiers": {
    "npm:@tursodatabase/database@0.6.1": "0.6.1"
  },
  "npm": {
    "@tursodatabase/database-common@0.6.1": {
      "integrity": "sha512-fkmkhgSUDg3MXkcziTG9Ime3AY5+YvvDN7VvUDEMNV7MP+XgwE/i5tU6eQP1EKa/zDkdSYPq8gPcmROmKmKL8Q=="
    },
    "@tursodatabase/database-darwin-arm64@0.6.1": {
      "integrity": "sha512-2/nlqulI/kWlrh7vHMwF5fkuavGRWB83SIhzHZmoHSQovq0a28Z4+WAHerjh9yNs7DTj70U9PIsvAtRdh77l7g==",
      "os": ["darwin"],
      "cpu": ["arm64"]
    },
    "@tursodatabase/database-linux-arm64-gnu@0.6.1": {
      "integrity": "sha512-ixooF2xyxV84GYIYPLI5D9VEp+cX3WPBmXRyoCGw7+l9G66eOp8QppGF0dKFYhtp/AJ8YmOp+lemqBoCue9N8Q==",
      "os": ["linux"],
      "cpu": ["arm64"]
    },
    "@tursodatabase/database-linux-x64-gnu@0.6.1": {
      "integrity": "sha512-cNZ3FS8XBn4X8zHSzd31nvEeBbR4hCDBGs2P3ViND1Egu5oDZ822a+hWxNxMgMPgUJf/aGBEAk5p+j11fAC/QQ==",
      "os": ["linux"],
      "cpu": ["x64"]
    },
    "@tursodatabase/database-win32-x64-msvc@0.6.1": {
      "integrity": "sha512-3CASiW3BbeNT4qryxPKKZECGxaAtfUeM/Bjx1NWIxShCLLtRpnaEUt7WLOT2hz+sqU322H6fmMuaN9sYrcwBxw==",
      "os": ["win32"],
      "cpu": ["x64"]
    },
    "@tursodatabase/database@0.6.1": {
      "integrity": "sha512-qg6LO1XHA9kc2s97crg0/nHiKFk3xTzylRuZPYggO0vA4hx2rp8fk0Je2vFGOkfVv+ZmzsXOIb+DBHmdrG+72A==",
      "dependencies": [
        "@tursodatabase/database-common"
      ],
      "optionalDependencies": [
        "@tursodatabase/database-darwin-arm64",
        "@tursodatabase/database-linux-arm64-gnu",
        "@tursodatabase/database-linux-x64-gnu",
        "@tursodatabase/database-win32-x64-msvc"
      ]
    }
  },
  "workspace": {
    "dependencies": [
      "npm:@tursodatabase/database@0.6.1"
    ]
  }
}
